<?xml version="1.0" encoding="utf-8"?>
<Project ToolsVersion="4.0" xmlns="http://schemas.microsoft.com/developer/msbuild/2003">
  <ItemGroup>
    <Filter Include="Network">
      <UniqueIdentifier>{388fac68-31fe-47d7-8d99-2ed47c567d38}</UniqueIdentifier>
    </Filter>
    <Filter Include="Network\Telnet">
      <UniqueIdentifier>{f0a9acaf-f5b6-4993-8c10-20ec49219cb2}</UniqueIdentifier>
    </Filter>
    <Filter Include="Network\Tcp">
      <UniqueIdentifier>{0e8ad39a-fe87-4ad8-93b9-174756365e06}</UniqueIdentifier>
    </Filter>
    <Filter Include="Network\Udp">
      <UniqueIdentifier>{5a9464a2-b2f8-437a-99e7-d397359657bc}</UniqueIdentifier>
    </Filter>
    <Filter Include="Network\Smtp">
      <UniqueIdentifier>{4a65f34e-d62a-4ae2-afe2-ef85d8f7f325}</UniqueIdentifier>
    </Filter>
    <Filter Include="Storage">
      <UniqueIdentifier>{3948bbf4-5cc2-43c6-8edb-3c446b5f4c96}</UniqueIdentifier>
    </Filter>
    <Filter Include="Storage\Base64">
      <UniqueIdentifier>{2abec500-83a5-40a4-a47a-104126f84609}</UniqueIdentifier>
    </Filter>
  </ItemGroup>
  <ItemGroup>
    <ClCompile Include="$(MSBuildThisFileDirectory)Network\Connection.cpp">
      <Filter>Network</Filter>
    </ClCompile>
    <ClCompile Include="$(MSBuildThisFileDirectory)Network\HostAddress.cpp">
      <Filter>Network</Filter>
    </ClCompile>
    <ClCompile Include="$(MSBuildThisFileDirectory)Network\IpAddress.cpp">
      <Filter>Network</Filter>
    </ClCompile>
    <ClCompile Include="$(MSBuildThisFileDirectory)Network\Telnet\TelnetServer.cpp">
      <Filter>Network\Telnet</Filter>
    </ClCompile>
    <ClCompile Include="$(MSBuildThisFileDirectory)Network\Tcp\TcpServer.cpp">
      <Filter>Network\Tcp</Filter>
    </ClCompile>
    <ClCompile Include="$(MSBuildThisFileDirectory)Network\Udp\UdpServer.cpp">
      <Filter>Network\Udp</Filter>
    </ClCompile>
    <ClCompile Include="$(MSBuildThisFileDirectory)Network\Udp\UdpMessage.cpp">
      <Filter>Network\Udp</Filter>
    </ClCompile>
    <ClCompile Include="$(MSBuildThisFileDirectory)Network\Smtp\Email.cpp">
      <Filter>Network\Smtp</Filter>
    </ClCompile>
    <ClCompile Include="$(MSBuildThisFileDirectory)Storage\Base64\Base64Helper.cpp">
      <Filter>Storage\Base64</Filter>
    </ClCompile>
  </ItemGroup>
  <ItemGroup>
    <ClInclude Include="$(MSBuildThisFileDirectory)Network\Connection.h">
      <Filter>Network</Filter>
    </ClInclude>
    <ClInclude Include="$(MSBuildThisFileDirectory)Network\HostAddress.h">
      <Filter>Network</Filter>
    </ClInclude>
    <ClInclude Include="$(MSBuildThisFileDirectory)Network\IpAddress.h">
      <Filter>Network</Filter>
    </ClInclude>
    <ClInclude Include="$(MSBuildThisFileDirectory)Network\Telnet\TelnetServer.h">
      <Filter>Network\Telnet</Filter>
    </ClInclude>
    <ClInclude Include="$(MSBuildThisFileDirectory)Network\Tcp\TcpServer.h">
      <Filter>Network\Tcp</Filter>
    </ClInclude>
    <ClInclude Include="$(MSBuildThisFileDirectory)Network\Udp\UdpServer.h">
      <Filter>Network\Udp</Filter>
    </ClInclude>
    <ClInclude Include="$(MSBuildThisFileDirectory)Network\Udp\UdpMessage.h">
      <Filter>Network\Udp</Filter>
    </ClInclude>
    <ClInclude Include="$(MSBuildThisFileDirectory)Network\Smtp\Email.h">
      <Filter>Network\Smtp</Filter>
    </ClInclude>
    <ClInclude Include="$(MSBuildThisFileDirectory)Storage\Base64\Base64Helper.h">
      <Filter>Storage\Base64</Filter>
    </ClInclude>
  </ItemGroup>
</Project>