<?xml version="1.0" encoding="utf-8"?>
<Project ToolsVersion="4.0" xmlns="http://schemas.microsoft.com/developer/msbuild/2003">
  <ItemGroup>
    <Filter Include="Network">
      <UniqueIdentifier>{388fac68-31fe-47d7-8d99-2ed47c567d38}</UniqueIdentifier>
    </Filter>
    <Filter Include="Network\Smtp">
      <UniqueIdentifier>{4a65f34e-d62a-4ae2-afe2-ef85d8f7f325}</UniqueIdentifier>
    </Filter>
    <Filter Include="Storage">
      <UniqueIdentifier>{3948bbf4-5cc2-43c6-8edb-3c446b5f4c96}</UniqueIdentifier>
    </Filter>
    <Filter Include="Storage\Base64">
      <UniqueIdentifier>{2abec500-83a5-40a4-a47a-104126f84609}</UniqueIdentifier>
    </Filter>
  </ItemGroup>
  <ItemGroup>
    <ClCompile Include="$(MSBuildThisFileDirectory)Network\Smtp\Email.cpp">
      <Filter>Network\Smtp</Filter>
    </ClCompile>
    <ClCompile Include="$(MSBuildThisFileDirectory)Storage\Base64\Base64Helper.cpp">
      <Filter>Storage\Base64</Filter>
    </ClCompile>
  </ItemGroup>
  <ItemGroup>
    <ClInclude Include="$(MSBuildThisFileDirectory)Network\Smtp\Email.h">
      <Filter>Network\Smtp</Filter>
    </ClInclude>
    <ClInclude Include="$(MSBuildThisFileDirectory)Storage\Base64\Base64Helper.h">
      <Filter>Storage\Base64</Filter>
    </ClInclude>
  </ItemGroup>
</Project>